// !$*UTF8*$!
{
	archiveVersion = 1;
	classes = {
	};
	objectVersion = 55;
	objects = {

/* Begin PBXBuildFile section */
		ACA7530D2817955700894EC9 /* AppDelegate.swift in Sources */ = {isa = PBXBuildFile; fileRef = ACA7530C2817955700894EC9 /* AppDelegate.swift */; };
		ACA7530F2817955700894EC9 /* SceneDelegate.swift in Sources */ = {isa = PBXBuildFile; fileRef = ACA7530E2817955700894EC9 /* SceneDelegate.swift */; };
		ACA753112817955700894EC9 /* ViewController.swift in Sources */ = {isa = PBXBuildFile; fileRef = ACA753102817955700894EC9 /* ViewController.swift */; };
		ACA753142817955700894EC9 /* Main.storyboard in Resources */ = {isa = PBXBuildFile; fileRef = ACA753122817955700894EC9 /* Main.storyboard */; };
		ACA753162817955800894EC9 /* Assets.xcassets in Resources */ = {isa = PBXBuildFile; fileRef = ACA753152817955800894EC9 /* Assets.xcassets */; };
		ACA753192817955800894EC9 /* LaunchScreen.storyboard in Resources */ = {isa = PBXBuildFile; fileRef = ACA753172817955800894EC9 /* LaunchScreen.storyboard */; };
		ACA753242817955800894EC9 /* goracingPLTests.swift in Sources */ = {isa = PBXBuildFile; fileRef = ACA753232817955800894EC9 /* goracingPLTests.swift */; };
		ACA7532E2817955800894EC9 /* goracingPLUITests.swift in Sources */ = {isa = PBXBuildFile; fileRef = ACA7532D2817955800894EC9 /* goracingPLUITests.swift */; };
		ACA753302817955800894EC9 /* goracingPLUITestsLaunchTests.swift in Sources */ = {isa = PBXBuildFile; fileRef = ACA7532F2817955800894EC9 /* goracingPLUITestsLaunchTests.swift */; };
/* End PBXBuildFile section */

/* Begin PBXContainerItemProxy section */
		ACA753202817955800894EC9 /* PBXContainerItemProxy */ = {
			isa = PBXContainerItemProxy;
			containerPortal = ACA753012817955700894EC9 /* Project object */;
			proxyType = 1;
			remoteGlobalIDString = ACA753082817955700894EC9;
			remoteInfo = goracingPL;
		};
		ACA7532A2817955800894EC9 /* PBXContainerItemProxy */ = {
			isa = PBXContainerItemProxy;
			containerPortal = ACA753012817955700894EC9 /* Project object */;
			proxyType = 1;
			remoteGlobalIDString = ACA753082817955700894EC9;
			remoteInfo = goracingPL;
		};
/* End PBXContainerItemProxy section */

/* Begin PBXFileReference section */
		ACA753092817955700894EC9 /* goracingPL.app */ = {isa = PBXFileReference; explicitFileType = wrapper.application; includeInIndex = 0; path = goracingPL.app; sourceTree = BUILT_PRODUCTS_DIR; };
		ACA7530C2817955700894EC9 /* AppDelegate.swift */ = {isa = PBXFileReference; lastKnownFileType = sourcecode.swift; path = AppDelegate.swift; sourceTree = "<group>"; };
		ACA7530E2817955700894EC9 /* SceneDelegate.swift */ = {isa = PBXFileReference; lastKnownFileType = sourcecode.swift; path = SceneDelegate.swift; sourceTree = "<group>"; };
		ACA753102817955700894EC9 /* ViewController.swift */ = {isa = PBXFileReference; lastKnownFileType = sourcecode.swift; path = ViewController.swift; sourceTree = "<group>"; };
		ACA753132817955700894EC9 /* Base */ = {isa = PBXFileReference; lastKnownFileType = file.storyboard; name = Base; path = Base.lproj/Main.storyboard; sourceTree = "<group>"; };
		ACA753152817955800894EC9 /* Assets.xcassets */ = {isa = PBXFileReference; lastKnownFileType = folder.assetcatalog; path = Assets.xcassets; sourceTree = "<group>"; };
		ACA753182817955800894EC9 /* Base */ = {isa = PBXFileReference; lastKnownFileType = file.storyboard; name = Base; path = Base.lproj/LaunchScreen.storyboard; sourceTree = "<group>"; };
		ACA7531A2817955800894EC9 /* Info.plist */ = {isa = PBXFileReference; lastKnownFileType = text.plist.xml; path = Info.plist; sourceTree = "<group>"; };
		ACA7531F2817955800894EC9 /* goracingPLTests.xctest */ = {isa = PBXFileReference; explicitFileType = wrapper.cfbundle; includeInIndex = 0; path = goracingPLTests.xctest; sourceTree = BUILT_PRODUCTS_DIR; };
		ACA753232817955800894EC9 /* goracingPLTests.swift */ = {isa = PBXFileReference; lastKnownFileType = sourcecode.swift; path = goracingPLTests.swift; sourceTree = "<group>"; };
		ACA753292817955800894EC9 /* goracingPLUITests.xctest */ = {isa = PBXFileReference; explicitFileType = wrapper.cfbundle; includeInIndex = 0; path = goracingPLUITests.xctest; sourceTree = BUILT_PRODUCTS_DIR; };
		ACA7532D2817955800894EC9 /* goracingPLUITests.swift */ = {isa = PBXFileReference; lastKnownFileType = sourcecode.swift; path = goracingPLUITests.swift; sourceTree = "<group>"; };
		ACA7532F2817955800894EC9 /* goracingPLUITestsLaunchTests.swift */ = {isa = PBXFileReference; lastKnownFileType = sourcecode.swift; path = goracingPLUITestsLaunchTests.swift; sourceTree = "<group>"; };
/* End PBXFileReference section */

/* Begin PBXFrameworksBuildPhase section */
		ACA753062817955700894EC9 /* Frameworks */ = {
			isa = PBXFrameworksBuildPhase;
			buildActionMask = 2147483647;
			files = (
			);
			runOnlyForDeploymentPostprocessing = 0;
		};
		ACA7531C2817955800894EC9 /* Frameworks */ = {
			isa = PBXFrameworksBuildPhase;
			buildActionMask = 2147483647;
			files = (
			);
			runOnlyForDeploymentPostprocessing = 0;
		};
		ACA753262817955800894EC9 /* Frameworks */ = {
			isa = PBXFrameworksBuildPhase;
			buildActionMask = 2147483647;
			files = (
			);
			runOnlyForDeploymentPostprocessing = 0;
		};
/* End PBXFrameworksBuildPhase section */

/* Begin PBXGroup section */
		ACA753002817955700894EC9 = {
			isa = PBXGroup;
			children = (
				ACA7530B2817955700894EC9 /* goracingPL */,
				ACA753222817955800894EC9 /* goracingPLTests */,
				ACA7532C2817955800894EC9 /* goracingPLUITests */,
				ACA7530A2817955700894EC9 /* Products */,
			);
			sourceTree = "<group>";
		};
		ACA7530A2817955700894EC9 /* Products */ = {
			isa = PBXGroup;
			children = (
				ACA753092817955700894EC9 /* goracingPL.app */,
				ACA7531F2817955800894EC9 /* goracingPLTests.xctest */,
				ACA753292817955800894EC9 /* goracingPLUITests.xctest */,
			);
			name = Products;
			sourceTree = "<group>";
		};
		ACA7530B2817955700894EC9 /* goracingPL */ = {
			isa = PBXGroup;
			children = (
				ACA7530C2817955700894EC9 /* AppDelegate.swift */,
				ACA7530E2817955700894EC9 /* SceneDelegate.swift */,
				ACA753102817955700894EC9 /* ViewController.swift */,
				ACA753122817955700894EC9 /* Main.storyboard */,
				ACA753152817955800894EC9 /* Assets.xcassets */,
				ACA753172817955800894EC9 /* LaunchScreen.storyboard */,
				ACA7531A2817955800894EC9 /* Info.plist */,
			);
			path = goracingPL;
			sourceTree = "<group>";
		};
		ACA753222817955800894EC9 /* goracingPLTests */ = {
			isa = PBXGroup;
			children = (
				ACA753232817955800894EC9 /* goracingPLTests.swift */,
			);
			path = goracingPLTests;
			sourceTree = "<group>";
		};
		ACA7532C2817955800894EC9 /* goracingPLUITests */ = {
			isa = PBXGroup;
			children = (
				ACA7532D2817955800894EC9 /* goracingPLUITests.swift */,
				ACA7532F2817955800894EC9 /* goracingPLUITestsLaunchTests.swift */,
			);
			path = goracingPLUITests;
			sourceTree = "<group>";
		};
/* End PBXGroup section */

/* Begin PBXNativeTarget section */
		ACA753082817955700894EC9 /* goracingPL */ = {
			isa = PBXNativeTarget;
			buildConfigurationList = ACA753332817955800894EC9 /* Build configuration list for PBXNativeTarget "goracingPL" */;
			buildPhases = (
				ACA753052817955700894EC9 /* Sources */,
				ACA753062817955700894EC9 /* Frameworks */,
				ACA753072817955700894EC9 /* Resources */,
			);
			buildRules = (
			);
			dependencies = (
			);
			name = goracingPL;
			productName = goracingPL;
			productReference = ACA753092817955700894EC9 /* goracingPL.app */;
			productType = "com.apple.product-type.application";
		};
		ACA7531E2817955800894EC9 /* goracingPLTests */ = {
			isa = PBXNativeTarget;
			buildConfigurationList = ACA753362817955800894EC9 /* Build configuration list for PBXNativeTarget "goracingPLTests" */;
			buildPhases = (
				ACA7531B2817955800894EC9 /* Sources */,
				ACA7531C2817955800894EC9 /* Frameworks */,
				ACA7531D2817955800894EC9 /* Resources */,
			);
			buildRules = (
			);
			dependencies = (
				ACA753212817955800894EC9 /* PBXTargetDependency */,
			);
			name = goracingPLTests;
			productName = goracingPLTests;
			productReference = ACA7531F2817955800894EC9 /* goracingPLTests.xctest */;
			productType = "com.apple.product-type.bundle.unit-test";
		};
		ACA753282817955800894EC9 /* goracingPLUITests */ = {
			isa = PBXNativeTarget;
			buildConfigurationList = ACA753392817955800894EC9 /* Build configuration list for PBXNativeTarget "goracingPLUITests" */;
			buildPhases = (
				ACA753252817955800894EC9 /* Sources */,
				ACA753262817955800894EC9 /* Frameworks */,
				ACA753272817955800894EC9 /* Resources */,
			);
			buildRules = (
			);
			dependencies = (
				ACA7532B2817955800894EC9 /* PBXTargetDependency */,
			);
			name = goracingPLUITests;
			productName = goracingPLUITests;
			productReference = ACA753292817955800894EC9 /* goracingPLUITests.xctest */;
			productType = "com.apple.product-type.bundle.ui-testing";
		};
/* End PBXNativeTarget section */

/* Begin PBXProject section */
		ACA753012817955700894EC9 /* Project object */ = {
			isa = PBXProject;
			attributes = {
				BuildIndependentTargetsInParallel = 1;
				LastSwiftUpdateCheck = 1330;
				LastUpgradeCheck = 1330;
				TargetAttributes = {
					ACA753082817955700894EC9 = {
						CreatedOnToolsVersion = 13.3.1;
					};
					ACA7531E2817955800894EC9 = {
						CreatedOnToolsVersion = 13.3.1;
						TestTargetID = ACA753082817955700894EC9;
					};
					ACA753282817955800894EC9 = {
						CreatedOnToolsVersion = 13.3.1;
						TestTargetID = ACA753082817955700894EC9;
					};
				};
			};
			buildConfigurationList = ACA753042817955700894EC9 /* Build configuration list for PBXProject "goracingPL" */;
			compatibilityVersion = "Xcode 13.0";
			developmentRegion = en;
			hasScannedForEncodings = 0;
			knownRegions = (
				en,
				Base,
			);
			mainGroup = ACA753002817955700894EC9;
			productRefGroup = ACA7530A2817955700894EC9 /* Products */;
			projectDirPath = "";
			projectRoot = "";
			targets = (
				ACA753082817955700894EC9 /* goracingPL */,
				ACA7531E2817955800894EC9 /* goracingPLTests */,
				ACA753282817955800894EC9 /* goracingPLUITests */,
			);
		};
/* End PBXProject section */

/* Begin PBXResourcesBuildPhase section */
		ACA753072817955700894EC9 /* Resources */ = {
			isa = PBXResourcesBuildPhase;
			buildActionMask = 2147483647;
			files = (
				ACA753192817955800894EC9 /* LaunchScreen.storyboard in Resources */,
				ACA753162817955800894EC9 /* Assets.xcassets in Resources */,
				ACA753142817955700894EC9 /* Main.storyboard in Resources */,
			);
			runOnlyForDeploymentPostprocessing = 0;
		};
		ACA7531D2817955800894EC9 /* Resources */ = {
			isa = PBXResourcesBuildPhase;
			buildActionMask = 2147483647;
			files = (
			);
			runOnlyForDeploymentPostprocessing = 0;
		};
		ACA753272817955800894EC9 /* Resources */ = {
			isa = PBXResourcesBuildPhase;
			buildActionMask = 2147483647;
			files = (
			);
			runOnlyForDeploymentPostprocessing = 0;
		};
/* End PBXResourcesBuildPhase section */

/* Begin PBXSourcesBuildPhase section */
		ACA753052817955700894EC9 /* Sources */ = {
			isa = PBXSourcesBuildPhase;
			buildActionMask = 2147483647;
			files = (
				ACA753112817955700894EC9 /* ViewController.swift in Sources */,
				ACA7530D2817955700894EC9 /* AppDelegate.swift in Sources */,
				ACA7530F2817955700894EC9 /* SceneDelegate.swift in Sources */,
			);
			runOnlyForDeploymentPostprocessing = 0;
		};
		ACA7531B2817955800894EC9 /* Sources */ = {
			isa = PBXSourcesBuildPhase;
			buildActionMask = 2147483647;
			files = (
				ACA753242817955800894EC9 /* goracingPLTests.swift in Sources */,
			);
			runOnlyForDeploymentPostprocessing = 0;
		};
		ACA753252817955800894EC9 /* Sources */ = {
			isa = PBXSourcesBuildPhase;
			buildActionMask = 2147483647;
			files = (
				ACA753302817955800894EC9 /* goracingPLUITestsLaunchTests.swift in Sources */,
				ACA7532E2817955800894EC9 /* goracingPLUITests.swift in Sources */,
			);
			runOnlyForDeploymentPostprocessing = 0;
		};
/* End PBXSourcesBuildPhase section */

/* Begin PBXTargetDependency section */
		ACA753212817955800894EC9 /* PBXTargetDependency */ = {
			isa = PBXTargetDependency;
			target = ACA753082817955700894EC9 /* goracingPL */;
			targetProxy = ACA753202817955800894EC9 /* PBXContainerItemProxy */;
		};
		ACA7532B2817955800894EC9 /* PBXTargetDependency */ = {
			isa = PBXTargetDependency;
			target = ACA753082817955700894EC9 /* goracingPL */;
			targetProxy = ACA7532A2817955800894EC9 /* PBXContainerItemProxy */;
		};
/* End PBXTargetDependency section */

/* Begin PBXVariantGroup section */
		ACA753122817955700894EC9 /* Main.storyboard */ = {
			isa = PBXVariantGroup;
			children = (
				ACA753132817955700894EC9 /* Base */,
			);
			name = Main.storyboard;
			sourceTree = "<group>";
		};
		ACA753172817955800894EC9 /* LaunchScreen.storyboard */ = {
			isa = PBXVariantGroup;
			children = (
				ACA753182817955800894EC9 /* Base */,
			);
			name = LaunchScreen.storyboard;
			sourceTree = "<group>";
		};
/* End PBXVariantGroup section */

/* Begin XCBuildConfiguration section */
		ACA753312817955800894EC9 /* Debug */ = {
			isa = XCBuildConfiguration;
			buildSettings = {
				ALWAYS_SEARCH_USER_PATHS = NO;
				CLANG_ANALYZER_NONNULL = YES;
				CLANG_ANALYZER_NUMBER_OBJECT_CONVERSION = YES_AGGRESSIVE;
				CLANG_CXX_LANGUAGE_STANDARD = "gnu++17";
				CLANG_ENABLE_MODULES = YES;
				CLANG_ENABLE_OBJC_ARC = YES;
				CLANG_ENABLE_OBJC_WEAK = YES;
				CLANG_WARN_BLOCK_CAPTURE_AUTORELEASING = YES;
				CLANG_WARN_BOOL_CONVERSION = YES;
				CLANG_WARN_COMMA = YES;
				CLANG_WARN_CONSTANT_CONVERSION = YES;
				CLANG_WARN_DEPRECATED_OBJC_IMPLEMENTATIONS = YES;
				CLANG_WARN_DIRECT_OBJC_ISA_USAGE = YES_ERROR;
				CLANG_WARN_DOCUMENTATION_COMMENTS = YES;
				CLANG_WARN_EMPTY_BODY = YES;
				CLANG_WARN_ENUM_CONVERSION = YES;
				CLANG_WARN_INFINITE_RECURSION = YES;
				CLANG_WARN_INT_CONVERSION = YES;
				CLANG_WARN_NON_LITERAL_NULL_CONVERSION = YES;
				CLANG_WARN_OBJC_IMPLICIT_RETAIN_SELF = YES;
				CLANG_WARN_OBJC_LITERAL_CONVERSION = YES;
				CLANG_WARN_OBJC_ROOT_CLASS = YES_ERROR;
				CLANG_WARN_QUOTED_INCLUDE_IN_FRAMEWORK_HEADER = YES;
				CLANG_WARN_RANGE_LOOP_ANALYSIS = YES;
				CLANG_WARN_STRICT_PROTOTYPES = YES;
				CLANG_WARN_SUSPICIOUS_MOVE = YES;
				CLANG_WARN_UNGUARDED_AVAILABILITY = YES_AGGRESSIVE;
				CLANG_WARN_UNREACHABLE_CODE = YES;
				CLANG_WARN__DUPLICATE_METHOD_MATCH = YES;
				COPY_PHASE_STRIP = NO;
				DEBUG_INFORMATION_FORMAT = dwarf;
				ENABLE_STRICT_OBJC_MSGSEND = YES;
				ENABLE_TESTABILITY = YES;
				GCC_C_LANGUAGE_STANDARD = gnu11;
				GCC_DYNAMIC_NO_PIC = NO;
				GCC_NO_COMMON_BLOCKS = YES;
				GCC_OPTIMIZATION_LEVEL = 0;
				GCC_PREPROCESSOR_DEFINITIONS = (
					"DEBUG=1",
					"$(inherited)",
				);
				GCC_WARN_64_TO_32_BIT_CONVERSION = YES;
				GCC_WARN_ABOUT_RETURN_TYPE = YES_ERROR;
				GCC_WARN_UNDECLARED_SELECTOR = YES;
				GCC_WARN_UNINITIALIZED_AUTOS = YES_AGGRESSIVE;
				GCC_WARN_UNUSED_FUNCTION = YES;
				GCC_WARN_UNUSED_VARIABLE = YES;
				IPHONEOS_DEPLOYMENT_TARGET = 15.4;
				MTL_ENABLE_DEBUG_INFO = INCLUDE_SOURCE;
				MTL_FAST_MATH = YES;
				ONLY_ACTIVE_ARCH = YES;
				SDKROOT = iphoneos;
				SWIFT_ACTIVE_COMPILATION_CONDITIONS = DEBUG;
				SWIFT_OPTIMIZATION_LEVEL = "-Onone";
			};
			name = Debug;
		};
		ACA753322817955800894EC9 /* Release */ = {
			isa = XCBuildConfiguration;
			buildSettings = {
				ALWAYS_SEARCH_USER_PATHS = NO;
				CLANG_ANALYZER_NONNULL = YES;
				CLANG_ANALYZER_NUMBER_OBJECT_CONVERSION = YES_AGGRESSIVE;
				CLANG_CXX_LANGUAGE_STANDARD = "gnu++17";
				CLANG_ENABLE_MODULES = YES;
				CLANG_ENABLE_OBJC_ARC = YES;
				CLANG_ENABLE_OBJC_WEAK = YES;
				CLANG_WARN_BLOCK_CAPTURE_AUTORELEASING = YES;
				CLANG_WARN_BOOL_CONVERSION = YES;
				CLANG_WARN_COMMA = YES;
				CLANG_WARN_CONSTANT_CONVERSION = YES;
				CLANG_WARN_DEPRECATED_OBJC_IMPLEMENTATIONS = YES;
				CLANG_WARN_DIRECT_OBJC_ISA_USAGE = YES_ERROR;
				CLANG_WARN_DOCUMENTATION_COMMENTS = YES;
				CLANG_WARN_EMPTY_BODY = YES;
				CLANG_WARN_ENUM_CONVERSION = YES;
				CLANG_WARN_INFINITE_RECURSION = YES;
				CLANG_WARN_INT_CONVERSION = YES;
				CLANG_WARN_NON_LITERAL_NULL_CONVERSION = YES;
				CLANG_WARN_OBJC_IMPLICIT_RETAIN_SELF = YES;
				CLANG_WARN_OBJC_LITERAL_CONVERSION = YES;
				CLANG_WARN_OBJC_ROOT_CLASS = YES_ERROR;
				CLANG_WARN_QUOTED_INCLUDE_IN_FRAMEWORK_HEADER = YES;
				CLANG_WARN_RANGE_LOOP_ANALYSIS = YES;
				CLANG_WARN_STRICT_PROTOTYPES = YES;
				CLANG_WARN_SUSPICIOUS_MOVE = YES;
				CLANG_WARN_UNGUARDED_AVAILABILITY = YES_AGGRESSIVE;
				CLANG_WARN_UNREACHABLE_CODE = YES;
				CLANG_WARN__DUPLICATE_METHOD_MATCH = YES;
				COPY_PHASE_STRIP = NO;
				DEBUG_INFORMATION_FORMAT = "dwarf-with-dsym";
				ENABLE_NS_ASSERTIONS = NO;
				ENABLE_STRICT_OBJC_MSGSEND = YES;
				GCC_C_LANGUAGE_STANDARD = gnu11;
				GCC_NO_COMMON_BLOCKS = YES;
				GCC_WARN_64_TO_32_BIT_CONVERSION = YES;
				GCC_WARN_ABOUT_RETURN_TYPE = YES_ERROR;
				GCC_WARN_UNDECLARED_SELECTOR = YES;
				GCC_WARN_UNINITIALIZED_AUTOS = YES_AGGRESSIVE;
				GCC_WARN_UNUSED_FUNCTION = YES;
				GCC_WARN_UNUSED_VARIABLE = YES;
				IPHONEOS_DEPLOYMENT_TARGET = 15.4;
				MTL_ENABLE_DEBUG_INFO = NO;
				MTL_FAST_MATH = YES;
				SDKROOT = iphoneos;
				SWIFT_COMPILATION_MODE = wholemodule;
				SWIFT_OPTIMIZATION_LEVEL = "-O";
				VALIDATE_PRODUCT = YES;
			};
			name = Release;
		};
		ACA753342817955800894EC9 /* Debug */ = {
			isa = XCBuildConfiguration;
			buildSettings = {
				ASSETCATALOG_COMPILER_APPICON_NAME = AppIcon;
				ASSETCATALOG_COMPILER_GLOBAL_ACCENT_COLOR_NAME = AccentColor;
				CODE_SIGN_STYLE = Automatic;
				CURRENT_PROJECT_VERSION = 1;
				GENERATE_INFOPLIST_FILE = YES;
				INFOPLIST_FILE = goracingPL/Info.plist;
				INFOPLIST_KEY_UIApplicationSupportsIndirectInputEvents = YES;
				INFOPLIST_KEY_UILaunchStoryboardName = LaunchScreen;
				INFOPLIST_KEY_UIMainStoryboardFile = Main;
				INFOPLIST_KEY_UISupportedInterfaceOrientations_iPad = "UIInterfaceOrientationPortrait UIInterfaceOrientationPortraitUpsideDown UIInterfaceOrientationLandscapeLeft UIInterfaceOrientationLandscapeRight";
				INFOPLIST_KEY_UISupportedInterfaceOrientations_iPhone = "UIInterfaceOrientationPortrait UIInterfaceOrientationLandscapeLeft UIInterfaceOrientationLandscapeRight";
				LD_RUNPATH_SEARCH_PATHS = (
					"$(inherited)",
					"@executable_path/Frameworks",
				);
				MARKETING_VERSION = 1.0;
				PRODUCT_BUNDLE_IDENTIFIER = wg.goracingPL;
				PRODUCT_NAME = "$(TARGET_NAME)";
				SWIFT_EMIT_LOC_STRINGS = YES;
				SWIFT_VERSION = 5.0;
				TARGETED_DEVICE_FAMILY = "1,2";
			};
			name = Debug;
		};
		ACA753352817955800894EC9 /* Release */ = {
			isa = XCBuildConfiguration;
			buildSettings = {
				ASSETCATALOG_COMPILER_APPICON_NAME = AppIcon;
				ASSETCATALOG_COMPILER_GLOBAL_ACCENT_COLOR_NAME = AccentColor;
				CODE_SIGN_STYLE = Automatic;
				CURRENT_PROJECT_VERSION = 1;
				GENERATE_INFOPLIST_FILE = YES;
				INFOPLIST_FILE = goracingPL/Info.plist;
				INFOPLIST_KEY_UIApplicationSupportsIndirectInputEvents = YES;
				INFOPLIST_KEY_UILaunchStoryboardName = LaunchScreen;
				INFOPLIST_KEY_UIMainStoryboardFile = Main;
				INFOPLIST_KEY_UISupportedInterfaceOrientations_iPad = "UIInterfaceOrientationPortrait UIInterfaceOrientationPortraitUpsideDown UIInterfaceOrientationLandscapeLeft UIInterfaceOrientationLandscapeRight";
				INFOPLIST_KEY_UISupportedInterfaceOrientations_iPhone = "UIInterfaceOrientationPortrait UIInterfaceOrientationLandscapeLeft UIInterfaceOrientationLandscapeRight";
				LD_RUNPATH_SEARCH_PATHS = (
					"$(inherited)",
					"@executable_path/Frameworks",
				);
				MARKETING_VERSION = 1.0;
				PRODUCT_BUNDLE_IDENTIFIER = wg.goracingPL;
				PRODUCT_NAME = "$(TARGET_NAME)";
				SWIFT_EMIT_LOC_STRINGS = YES;
				SWIFT_VERSION = 5.0;
				TARGETED_DEVICE_FAMILY = "1,2";
			};
			name = Release;
		};
		ACA753372817955800894EC9 /* Debug */ = {
			isa = XCBuildConfiguration;
			buildSettings = {
				ALWAYS_EMBED_SWIFT_STANDARD_LIBRARIES = YES;
				BUNDLE_LOADER = "$(TEST_HOST)";
				CODE_SIGN_STYLE = Automatic;
				CURRENT_PROJECT_VERSION = 1;
				GENERATE_INFOPLIST_FILE = YES;
				IPHONEOS_DEPLOYMENT_TARGET = 15.4;
				MARKETING_VERSION = 1.0;
				PRODUCT_BUNDLE_IDENTIFIER = wg.goracingPLTests;
				PRODUCT_NAME = "$(TARGET_NAME)";
				SWIFT_EMIT_LOC_STRINGS = NO;
				SWIFT_VERSION = 5.0;
				TARGETED_DEVICE_FAMILY = "1,2";
				TEST_HOST = "$(BUILT_PRODUCTS_DIR)/goracingPL.app/goracingPL";
			};
			name = Debug;
		};
		ACA753382817955800894EC9 /* Release */ = {
			isa = XCBuildConfiguration;
			buildSettings = {
				ALWAYS_EMBED_SWIFT_STANDARD_LIBRARIES = YES;
				BUNDLE_LOADER = "$(TEST_HOST)";
				CODE_SIGN_STYLE = Automatic;
				CURRENT_PROJECT_VERSION = 1;
				GENERATE_INFOPLIST_FILE = YES;
				IPHONEOS_DEPLOYMENT_TARGET = 15.4;
				MARKETING_VERSION = 1.0;
				PRODUCT_BUNDLE_IDENTIFIER = wg.goracingPLTests;
				PRODUCT_NAME = "$(TARGET_NAME)";
				SWIFT_EMIT_LOC_STRINGS = NO;
				SWIFT_VERSION = 5.0;
				TARGETED_DEVICE_FAMILY = "1,2";
				TEST_HOST = "$(BUILT_PRODUCTS_DIR)/goracingPL.app/goracingPL";
			};
			name = Release;
		};
		ACA7533A2817955800894EC9 /* Debug */ = {
			isa = XCBuildConfiguration;
			buildSettings = {
				ALWAYS_EMBED_SWIFT_STANDARD_LIBRARIES = YES;
				CODE_SIGN_STYLE = Automatic;
				CURRENT_PROJECT_VERSION = 1;
				GENERATE_INFOPLIST_FILE = YES;
				MARKETING_VERSION = 1.0;
				PRODUCT_BUNDLE_IDENTIFIER = wg.goracingPLUITests;
				PRODUCT_NAME = "$(TARGET_NAME)";
				SWIFT_EMIT_LOC_STRINGS = NO;
				SWIFT_VERSION = 5.0;
				TARGETED_DEVICE_FAMILY = "1,2";
				TEST_TARGET_NAME = goracingPL;
			};
			name = Debug;
		};
		ACA7533B2817955800894EC9 /* Release */ = {
			isa = XCBuildConfiguration;
			buildSettings = {
				ALWAYS_EMBED_SWIFT_STANDARD_LIBRARIES = YES;
				CODE_SIGN_STYLE = Automatic;
				CURRENT_PROJECT_VERSION = 1;
				GENERATE_INFOPLIST_FILE = YES;
				MARKETING_VERSION = 1.0;
				PRODUCT_BUNDLE_IDENTIFIER = wg.goracingPLUITests;
				PRODUCT_NAME = "$(TARGET_NAME)";
				SWIFT_EMIT_LOC_STRINGS = NO;
				SWIFT_VERSION = 5.0;
				TARGETED_DEVICE_FAMILY = "1,2";
				TEST_TARGET_NAME = goracingPL;
			};
			name = Release;
		};
/* End XCBuildConfiguration section */

/* Begin XCConfigurationList section */
		ACA753042817955700894EC9 /* Build configuration list for PBXProject "goracingPL" */ = {
			isa = XCConfigurationList;
			buildConfigurations = (
				ACA753312817955800894EC9 /* Debug */,
				ACA753322817955800894EC9 /* Release */,
			);
			defaultConfigurationIsVisible = 0;
			defaultConfigurationName = Release;
		};
		ACA753332817955800894EC9 /* Build configuration list for PBXNativeTarget "goracingPL" */ = {
			isa = XCConfigurationList;
			buildConfigurations = (
				ACA753342817955800894EC9 /* Debug */,
				ACA753352817955800894EC9 /* Release */,
			);
			defaultConfigurationIsVisible = 0;
			defaultConfigurationName = Release;
		};
		ACA753362817955800894EC9 /* Build configuration list for PBXNativeTarget "goracingPLTests" */ = {
			isa = XCConfigurationList;
			buildConfigurations = (
				ACA753372817955800894EC9 /* Debug */,
				ACA753382817955800894EC9 /* Release */,
			);
			defaultConfigurationIsVisible = 0;
			defaultConfigurationName = Release;
		};
		ACA753392817955800894EC9 /* Build configuration list for PBXNativeTarget "goracingPLUITests" */ = {
			isa = XCConfigurationList;
			buildConfigurations = (
				ACA7533A2817955800894EC9 /* Debug */,
				ACA7533B2817955800894EC9 /* Release */,
			);
			defaultConfigurationIsVisible = 0;
			defaultConfigurationName = Release;
		};
/* End XCConfigurationList section */
	};
	rootObject = ACA753012817955700894EC9 /* Project object */;
}
